github.com/imadmon/limitedreader v1.1.0 h1:nHfKX9ewX0nwd58OnC/3dihB0SYKOhahnwzfjGoF5M8=
github.com/imadmon/limitedreader v1.1.0/go.mod h1:CL99Z1Eh4mwcABJQqIlIM0IY8+FZJ5idVLv32nAOijU=
github.com/imadmon/limitedreader v1.1.1 h1:81DSQAzKNbvvHRIt4+mIGY1IvMKRH0ybXf/EEBDHdG4=
github.com/imadmon/limitedreader v1.1.1/go.mod h1:CL99Z1Eh4mwcABJQqIlIM0IY8+FZJ5idVLv32nAOijU=
github.com/imadmon/limitedreader v1.2.0 h1:LJXuZwJ600WG+JaX8LbR7m/1bhwctV9D1xdS24t1suA=
github.com/imadmon/limitedreader v1.2.0/go.mod h1:CL99Z1Eh4mwcABJQqIlIM0IY8+FZJ5idVLv32nAOijU=
github.com/imadmon/limitedreader v1.2.1 h1:VqHRP1evb/EIncb1Osj2I/z6mzWiH4N28M8z4st7rA0=
github.com/imadmon/limitedreader v1.2.1/go.mod h1:CL99Z1Eh4mwcABJQqIlIM0IY8+FZJ5idVLv32nAOijU=
github.com/imadmon/limitedreader v1.2.2 h1:I300TMvrJCLLaZvnWVv5dEz3fahMB459e4ei4QMp2C0=
github.com/imadmon/limitedreader v1.2.2/go.mod h1:CL99Z1Eh4mwcABJQqIlIM0IY8+FZJ5idVLv32nAOijU=
